
Microsoft Visual Studio Solution File, Format Version 12.00
# Visual Studio Version 16
VisualStudioVersion = 16.0.31105.61
MinimumVisualStudioVersion = 10.0.40219.1
Project("{FAE04EC0-301F-11D3-BF4B-00C04F79EFBC}") = "SchoolManagement", "SchoolManagement.csproj", "{5F8AB54F-650F-4F06-9AF5-9366EF8BE54B}"
EndProject
Global
	GlobalSection(SolutionConfigurationPlatforms) = preSolution
		Debug|Any CPU = Debug|Any CPU
		Release|Any CPU = Release|Any CPU
	EndGlobalSection
	GlobalSection(ProjectConfigurationPlatforms) = postSolution
		{5F8AB54F-650F-4F06-9AF5-9366EF8BE54B}.Debug|Any CPU.ActiveCfg = Debug|Any CPU
		{5F8AB54F-650F-4F06-9AF5-9366EF8BE54B}.Debug|Any CPU.Build.0 = Debug|Any CPU
		{5F8AB54F-650F-4F06-9AF5-9366EF8BE54B}.Release|Any CPU.ActiveCfg = Release|Any CPU
		{5F8AB54F-650F-4F06-9AF5-9366EF8BE54B}.Release|Any CPU.Build.0 = Release|Any CPU
	EndGlobalSection
	GlobalSection(SolutionProperties) = preSolution
		HideSolutionNode = FALSE
	EndGlobalSection
	GlobalSection(ExtensibilityGlobals) = postSolution
		SolutionGuid = {C211F3B5-4078-4126-9A25-A8AA8A3DEFCC}
	EndGlobalSection
EndGlobal
